
Microsoft Visual Studio Solution File, Format Version 12.00
# Visual Studio Version 16
VisualStudioVersion = 16.0.30114.105
MinimumVisualStudioVersion = 10.0.40219.1
Project("{2150E333-8FDC-42A3-9474-1A3956D46DE8}") = "Domain", "Domain", "{A72E4640-3B95-4124-B8F7-465170AC9CC8}"
EndProject
Project("{FAE04EC0-301F-11D3-BF4B-00C04F79EFBC}") = "MicroRabbit.Domain.Core", "Domain\MicroRabbit.Domain.Core\MicroRabbit.Domain.Core.csproj", "{79C1993D-B476-4B39-A867-5AFE89751812}"
EndProject
Project("{2150E333-8FDC-42A3-9474-1A3956D46DE8}") = "Infra.Bus", "Infra.Bus", "{507B2316-9729-4927-9AE8-122101C2CB56}"
EndProject
Project("{FAE04EC0-301F-11D3-BF4B-00C04F79EFBC}") = "MicroRabbit.Infra.Bus", "Infra.Bus\MicroRabbit.Infra.Bus\MicroRabbit.Infra.Bus.csproj", "{9CEDE3C4-2235-4FE4-9B0C-69988EB894D4}"
EndProject
Project("{2150E333-8FDC-42A3-9474-1A3956D46DE8}") = "Infra.IoC", "Infra.IoC", "{18078F0F-8EBF-4659-B0C3-6B7B5BFAD1A2}"
EndProject
Project("{FAE04EC0-301F-11D3-BF4B-00C04F79EFBC}") = "MicroRabbit.Infra.IoC", "Infra.IoC\MicroRabbit.Infra.IoC\MicroRabbit.Infra.IoC.csproj", "{3A1325BF-808A-478E-AA52-CE531E92A78C}"
EndProject
Global
	GlobalSection(SolutionConfigurationPlatforms) = preSolution
		Debug|Any CPU = Debug|Any CPU
		Debug|x64 = Debug|x64
		Debug|x86 = Debug|x86
		Release|Any CPU = Release|Any CPU
		Release|x64 = Release|x64
		Release|x86 = Release|x86
	EndGlobalSection
	GlobalSection(SolutionProperties) = preSolution
		HideSolutionNode = FALSE
	EndGlobalSection
	GlobalSection(ProjectConfigurationPlatforms) = postSolution
		{79C1993D-B476-4B39-A867-5AFE89751812}.Debug|Any CPU.ActiveCfg = Debug|Any CPU
		{79C1993D-B476-4B39-A867-5AFE89751812}.Debug|Any CPU.Build.0 = Debug|Any CPU
		{79C1993D-B476-4B39-A867-5AFE89751812}.Debug|x64.ActiveCfg = Debug|Any CPU
		{79C1993D-B476-4B39-A867-5AFE89751812}.Debug|x64.Build.0 = Debug|Any CPU
		{79C1993D-B476-4B39-A867-5AFE89751812}.Debug|x86.ActiveCfg = Debug|Any CPU
		{79C1993D-B476-4B39-A867-5AFE89751812}.Debug|x86.Build.0 = Debug|Any CPU
		{79C1993D-B476-4B39-A867-5AFE89751812}.Release|Any CPU.ActiveCfg = Release|Any CPU
		{79C1993D-B476-4B39-A867-5AFE89751812}.Release|Any CPU.Build.0 = Release|Any CPU
		{79C1993D-B476-4B39-A867-5AFE89751812}.Release|x64.ActiveCfg = Release|Any CPU
		{79C1993D-B476-4B39-A867-5AFE89751812}.Release|x64.Build.0 = Release|Any CPU
		{79C1993D-B476-4B39-A867-5AFE89751812}.Release|x86.ActiveCfg = Release|Any CPU
		{79C1993D-B476-4B39-A867-5AFE89751812}.Release|x86.Build.0 = Release|Any CPU
		{9CEDE3C4-2235-4FE4-9B0C-69988EB894D4}.Debug|Any CPU.ActiveCfg = Debug|Any CPU
		{9CEDE3C4-2235-4FE4-9B0C-69988EB894D4}.Debug|Any CPU.Build.0 = Debug|Any CPU
		{9CEDE3C4-2235-4FE4-9B0C-69988EB894D4}.Debug|x64.ActiveCfg = Debug|Any CPU
		{9CEDE3C4-2235-4FE4-9B0C-69988EB894D4}.Debug|x64.Build.0 = Debug|Any CPU
		{9CEDE3C4-2235-4FE4-9B0C-69988EB894D4}.Debug|x86.ActiveCfg = Debug|Any CPU
		{9CEDE3C4-2235-4FE4-9B0C-69988EB894D4}.Debug|x86.Build.0 = Debug|Any CPU
		{9CEDE3C4-2235-4FE4-9B0C-69988EB894D4}.Release|Any CPU.ActiveCfg = Release|Any CPU
		{9CEDE3C4-2235-4FE4-9B0C-69988EB894D4}.Release|Any CPU.Build.0 = Release|Any CPU
		{9CEDE3C4-2235-4FE4-9B0C-69988EB894D4}.Release|x64.ActiveCfg = Release|Any CPU
		{9CEDE3C4-2235-4FE4-9B0C-69988EB894D4}.Release|x64.Build.0 = Release|Any CPU
		{9CEDE3C4-2235-4FE4-9B0C-69988EB894D4}.Release|x86.ActiveCfg = Release|Any CPU
		{9CEDE3C4-2235-4FE4-9B0C-69988EB894D4}.Release|x86.Build.0 = Release|Any CPU
		{3A1325BF-808A-478E-AA52-CE531E92A78C}.Debug|Any CPU.ActiveCfg = Debug|Any CPU
		{3A1325BF-808A-478E-AA52-CE531E92A78C}.Debug|Any CPU.Build.0 = Debug|Any CPU
		{3A1325BF-808A-478E-AA52-CE531E92A78C}.Debug|x64.ActiveCfg = Debug|Any CPU
		{3A1325BF-808A-478E-AA52-CE531E92A78C}.Debug|x64.Build.0 = Debug|Any CPU
		{3A1325BF-808A-478E-AA52-CE531E92A78C}.Debug|x86.ActiveCfg = Debug|Any CPU
		{3A1325BF-808A-478E-AA52-CE531E92A78C}.Debug|x86.Build.0 = Debug|Any CPU
		{3A1325BF-808A-478E-AA52-CE531E92A78C}.Release|Any CPU.ActiveCfg = Release|Any CPU
		{3A1325BF-808A-478E-AA52-CE531E92A78C}.Release|Any CPU.Build.0 = Release|Any CPU
		{3A1325BF-808A-478E-AA52-CE531E92A78C}.Release|x64.ActiveCfg = Release|Any CPU
		{3A1325BF-808A-478E-AA52-CE531E92A78C}.Release|x64.Build.0 = Release|Any CPU
		{3A1325BF-808A-478E-AA52-CE531E92A78C}.Release|x86.ActiveCfg = Release|Any CPU
		{3A1325BF-808A-478E-AA52-CE531E92A78C}.Release|x86.Build.0 = Release|Any CPU
	EndGlobalSection
	GlobalSection(NestedProjects) = preSolution
		{79C1993D-B476-4B39-A867-5AFE89751812} = {A72E4640-3B95-4124-B8F7-465170AC9CC8}
		{9CEDE3C4-2235-4FE4-9B0C-69988EB894D4} = {507B2316-9729-4927-9AE8-122101C2CB56}
		{3A1325BF-808A-478E-AA52-CE531E92A78C} = {18078F0F-8EBF-4659-B0C3-6B7B5BFAD1A2}
	EndGlobalSection
EndGlobal
